// !$*UTF8*$!
{
	archiveVersion = 1;
	classes = {
	};
	objectVersion = 50;
	objects = {

/* Begin PBXBuildFile section */
		5825B4FC22E9DC1E005B4FFF /* FeedViewController.swift in Sources */ = {isa = PBXBuildFile; fileRef = 5825B4FB22E9DC1E005B4FFF /* FeedViewController.swift */; };
		5825B4FE22E9E540005B4FFF /* JournalSectionController.swift in Sources */ = {isa = PBXBuildFile; fileRef = 5825B4FD22E9E540005B4FFF /* JournalSectionController.swift */; };
		5825B50022EB0AE3005B4FFF /* MessageSectionController.swift in Sources */ = {isa = PBXBuildFile; fileRef = 5825B4FF22EB0AE3005B4FFF /* MessageSectionController.swift */; };
		5825B50222EB1644005B4FFF /* WeatherSectionController.swift in Sources */ = {isa = PBXBuildFile; fileRef = 5825B50122EB1644005B4FFF /* WeatherSectionController.swift */; };
		58AA58EF22E735BB0087767F /* AppDelegate.swift in Sources */ = {isa = PBXBuildFile; fileRef = 58AA58EE22E735BB0087767F /* AppDelegate.swift */; };
		58AA58F622E735BC0087767F /* Assets.xcassets in Resources */ = {isa = PBXBuildFile; fileRef = 58AA58F522E735BC0087767F /* Assets.xcassets */; };
		58AA58F922E735BC0087767F /* LaunchScreen.storyboard in Resources */ = {isa = PBXBuildFile; fileRef = 58AA58F722E735BC0087767F /* LaunchScreen.storyboard */; };
		58AA590722E738060087767F /* DateSortable.swift in Sources */ = {isa = PBXBuildFile; fileRef = 58AA590622E738060087767F /* DateSortable.swift */; };
		58AA590922E738590087767F /* JournalEntry.swift in Sources */ = {isa = PBXBuildFile; fileRef = 58AA590822E738590087767F /* JournalEntry.swift */; };
		58AA590B22E738E70087767F /* User.swift in Sources */ = {isa = PBXBuildFile; fileRef = 58AA590A22E738E70087767F /* User.swift */; };
		58AA590D22E739870087767F /* Message.swift in Sources */ = {isa = PBXBuildFile; fileRef = 58AA590C22E739870087767F /* Message.swift */; };
		58AA590F22E73A170087767F /* NSObject+ListDiffable.swift in Sources */ = {isa = PBXBuildFile; fileRef = 58AA590E22E73A170087767F /* NSObject+ListDiffable.swift */; };
		58AA591122E73B810087767F /* SolFormatter.swift in Sources */ = {isa = PBXBuildFile; fileRef = 58AA591022E73B810087767F /* SolFormatter.swift */; };
		58AA591322E73F8D0087767F /* Weather.swift in Sources */ = {isa = PBXBuildFile; fileRef = 58AA591222E73F8D0087767F /* Weather.swift */; };
		58AA591622E748760087767F /* JournalLoader.swift in Sources */ = {isa = PBXBuildFile; fileRef = 58AA591522E748760087767F /* JournalLoader.swift */; };
		58AA591822E74BB30087767F /* Pathfinder.swift in Sources */ = {isa = PBXBuildFile; fileRef = 58AA591722E74BB20087767F /* Pathfinder.swift */; };
		58AA591A22E753040087767F /* TextSize.swift in Sources */ = {isa = PBXBuildFile; fileRef = 58AA591922E753040087767F /* TextSize.swift */; };
		58AA591C22E75F5C0087767F /* Theme.swift in Sources */ = {isa = PBXBuildFile; fileRef = 58AA591B22E75F5C0087767F /* Theme.swift */; };
		58AA591E22E7606C0087767F /* WxScanner.swift in Sources */ = {isa = PBXBuildFile; fileRef = 58AA591D22E7606C0087767F /* WxScanner.swift */; };
		58AA592022E761580087767F /* ClassicFeedViewController.swift in Sources */ = {isa = PBXBuildFile; fileRef = 58AA591F22E761580087767F /* ClassicFeedViewController.swift */; };
		58AA592222E83AF60087767F /* JournalEntryCell.swift in Sources */ = {isa = PBXBuildFile; fileRef = 58AA592122E83AF60087767F /* JournalEntryCell.swift */; };
		58AA592422E83E560087767F /* JournalEntryDateCell.swift in Sources */ = {isa = PBXBuildFile; fileRef = 58AA592322E83E560087767F /* JournalEntryDateCell.swift */; };
		58AA592622E849160087767F /* CustomNavigationBar.swift in Sources */ = {isa = PBXBuildFile; fileRef = 58AA592522E849160087767F /* CustomNavigationBar.swift */; };
		58AA592822E8B0770087767F /* MessageCell.swift in Sources */ = {isa = PBXBuildFile; fileRef = 58AA592722E8B0770087767F /* MessageCell.swift */; };
		58AA592A22E8BA900087767F /* WeatherDetailCell.swift in Sources */ = {isa = PBXBuildFile; fileRef = 58AA592922E8BA900087767F /* WeatherDetailCell.swift */; };
		58AA592C22E8C0020087767F /* WeatherSummaryCell.swift in Sources */ = {isa = PBXBuildFile; fileRef = 58AA592B22E8C0020087767F /* WeatherSummaryCell.swift */; };
		58F4563722E99CCB00B5C6BD /* OCRAStd.otf in Resources */ = {isa = PBXBuildFile; fileRef = 58AA591422E746E60087767F /* OCRAStd.otf */; };
		AF9352CF8890BB34DB48FFD3 /* Pods_IGListKitLesson.framework in Frameworks */ = {isa = PBXBuildFile; fileRef = 26698A99C689E0BFDE292322 /* Pods_IGListKitLesson.framework */; };
/* End PBXBuildFile section */

/* Begin PBXFileReference section */
		26698A99C689E0BFDE292322 /* Pods_IGListKitLesson.framework */ = {isa = PBXFileReference; explicitFileType = wrapper.framework; includeInIndex = 0; path = Pods_IGListKitLesson.framework; sourceTree = BUILT_PRODUCTS_DIR; };
		5825B4FB22E9DC1E005B4FFF /* FeedViewController.swift */ = {isa = PBXFileReference; lastKnownFileType = sourcecode.swift; path = FeedViewController.swift; sourceTree = "<group>"; };
		5825B4FD22E9E540005B4FFF /* JournalSectionController.swift */ = {isa = PBXFileReference; lastKnownFileType = sourcecode.swift; path = JournalSectionController.swift; sourceTree = "<group>"; };
		5825B4FF22EB0AE3005B4FFF /* MessageSectionController.swift */ = {isa = PBXFileReference; lastKnownFileType = sourcecode.swift; path = MessageSectionController.swift; sourceTree = "<group>"; };
		5825B50122EB1644005B4FFF /* WeatherSectionController.swift */ = {isa = PBXFileReference; lastKnownFileType = sourcecode.swift; path = WeatherSectionController.swift; sourceTree = "<group>"; };
		58AA58EB22E735BB0087767F /* IGListKitLesson.app */ = {isa = PBXFileReference; explicitFileType = wrapper.application; includeInIndex = 0; path = IGListKitLesson.app; sourceTree = BUILT_PRODUCTS_DIR; };
		58AA58EE22E735BB0087767F /* AppDelegate.swift */ = {isa = PBXFileReference; lastKnownFileType = sourcecode.swift; path = AppDelegate.swift; sourceTree = "<group>"; };
		58AA58F522E735BC0087767F /* Assets.xcassets */ = {isa = PBXFileReference; lastKnownFileType = folder.assetcatalog; path = Assets.xcassets; sourceTree = "<group>"; };
		58AA58F822E735BC0087767F /* Base */ = {isa = PBXFileReference; lastKnownFileType = file.storyboard; name = Base; path = Base.lproj/LaunchScreen.storyboard; sourceTree = "<group>"; };
		58AA590622E738060087767F /* DateSortable.swift */ = {isa = PBXFileReference; lastKnownFileType = sourcecode.swift; path = DateSortable.swift; sourceTree = "<group>"; };
		58AA590822E738590087767F /* JournalEntry.swift */ = {isa = PBXFileReference; lastKnownFileType = sourcecode.swift; path = JournalEntry.swift; sourceTree = "<group>"; };
		58AA590A22E738E70087767F /* User.swift */ = {isa = PBXFileReference; lastKnownFileType = sourcecode.swift; path = User.swift; sourceTree = "<group>"; };
		58AA590C22E739870087767F /* Message.swift */ = {isa = PBXFileReference; lastKnownFileType = sourcecode.swift; path = Message.swift; sourceTree = "<group>"; };
		58AA590E22E73A170087767F /* NSObject+ListDiffable.swift */ = {isa = PBXFileReference; lastKnownFileType = sourcecode.swift; path = "NSObject+ListDiffable.swift"; sourceTree = "<group>"; };
		58AA591022E73B810087767F /* SolFormatter.swift */ = {isa = PBXFileReference; lastKnownFileType = sourcecode.swift; path = SolFormatter.swift; sourceTree = "<group>"; };
		58AA591222E73F8D0087767F /* Weather.swift */ = {isa = PBXFileReference; lastKnownFileType = sourcecode.swift; path = Weather.swift; sourceTree = "<group>"; };
		58AA591422E746E60087767F /* OCRAStd.otf */ = {isa = PBXFileReference; lastKnownFileType = file; path = OCRAStd.otf; sourceTree = "<group>"; };
		58AA591522E748760087767F /* JournalLoader.swift */ = {isa = PBXFileReference; lastKnownFileType = sourcecode.swift; path = JournalLoader.swift; sourceTree = "<group>"; };
		58AA591722E74BB20087767F /* Pathfinder.swift */ = {isa = PBXFileReference; lastKnownFileType = sourcecode.swift; path = Pathfinder.swift; sourceTree = "<group>"; };
		58AA591922E753040087767F /* TextSize.swift */ = {isa = PBXFileReference; lastKnownFileType = sourcecode.swift; path = TextSize.swift; sourceTree = "<group>"; };
		58AA591B22E75F5C0087767F /* Theme.swift */ = {isa = PBXFileReference; lastKnownFileType = sourcecode.swift; path = Theme.swift; sourceTree = "<group>"; };
		58AA591D22E7606C0087767F /* WxScanner.swift */ = {isa = PBXFileReference; lastKnownFileType = sourcecode.swift; path = WxScanner.swift; sourceTree = "<group>"; };
		58AA591F22E761580087767F /* ClassicFeedViewController.swift */ = {isa = PBXFileReference; lastKnownFileType = sourcecode.swift; path = ClassicFeedViewController.swift; sourceTree = "<group>"; };
		58AA592122E83AF60087767F /* JournalEntryCell.swift */ = {isa = PBXFileReference; lastKnownFileType = sourcecode.swift; path = JournalEntryCell.swift; sourceTree = "<group>"; };
		58AA592322E83E560087767F /* JournalEntryDateCell.swift */ = {isa = PBXFileReference; lastKnownFileType = sourcecode.swift; path = JournalEntryDateCell.swift; sourceTree = "<group>"; };
		58AA592522E849160087767F /* CustomNavigationBar.swift */ = {isa = PBXFileReference; lastKnownFileType = sourcecode.swift; path = CustomNavigationBar.swift; sourceTree = "<group>"; };
		58AA592722E8B0770087767F /* MessageCell.swift */ = {isa = PBXFileReference; lastKnownFileType = sourcecode.swift; path = MessageCell.swift; sourceTree = "<group>"; };
		58AA592922E8BA900087767F /* WeatherDetailCell.swift */ = {isa = PBXFileReference; lastKnownFileType = sourcecode.swift; path = WeatherDetailCell.swift; sourceTree = "<group>"; };
		58AA592B22E8C0020087767F /* WeatherSummaryCell.swift */ = {isa = PBXFileReference; lastKnownFileType = sourcecode.swift; path = WeatherSummaryCell.swift; sourceTree = "<group>"; };
		58F4563822E99D5B00B5C6BD /* Info.plist */ = {isa = PBXFileReference; fileEncoding = 4; lastKnownFileType = text.plist.xml; path = Info.plist; sourceTree = "<group>"; };
		A228680BB5567DE837D8BF22 /* Pods-IGListKitLesson.debug.xcconfig */ = {isa = PBXFileReference; includeInIndex = 1; lastKnownFileType = text.xcconfig; name = "Pods-IGListKitLesson.debug.xcconfig"; path = "Pods/Target Support Files/Pods-IGListKitLesson/Pods-IGListKitLesson.debug.xcconfig"; sourceTree = "<group>"; };
		E6DBAF274C8B5F500A96F685 /* Pods-IGListKitLesson.release.xcconfig */ = {isa = PBXFileReference; includeInIndex = 1; lastKnownFileType = text.xcconfig; name = "Pods-IGListKitLesson.release.xcconfig"; path = "Pods/Target Support Files/Pods-IGListKitLesson/Pods-IGListKitLesson.release.xcconfig"; sourceTree = "<group>"; };
/* End PBXFileReference section */

/* Begin PBXFrameworksBuildPhase section */
		58AA58E822E735BB0087767F /* Frameworks */ = {
			isa = PBXFrameworksBuildPhase;
			buildActionMask = 2147483647;
			files = (
				AF9352CF8890BB34DB48FFD3 /* Pods_IGListKitLesson.framework in Frameworks */,
			);
			runOnlyForDeploymentPostprocessing = 0;
		};
/* End PBXFrameworksBuildPhase section */

/* Begin PBXGroup section */
		58AA58E222E735BB0087767F = {
			isa = PBXGroup;
			children = (
				58AA58ED22E735BB0087767F /* IGListKitLesson */,
				58AA58EC22E735BB0087767F /* Products */,
				D855817A79C0386C3A3CA411 /* Pods */,
				93181341BAC4C99BA5901BFF /* Frameworks */,
			);
			sourceTree = "<group>";
		};
		58AA58EC22E735BB0087767F /* Products */ = {
			isa = PBXGroup;
			children = (
				58AA58EB22E735BB0087767F /* IGListKitLesson.app */,
			);
			name = Products;
			sourceTree = "<group>";
		};
		58AA58ED22E735BB0087767F /* IGListKitLesson */ = {
			isa = PBXGroup;
			children = (
				58AA590022E737800087767F /* Models */,
				58AA590122E737880087767F /* Resources */,
				58AA590222E737920087767F /* SectionControllers */,
				58AA590322E737AC0087767F /* Systems */,
				58AA590422E737B80087767F /* ViewControllers */,
				58AA590522E737C30087767F /* Views */,
				58AA58EE22E735BB0087767F /* AppDelegate.swift */,
				58F4563822E99D5B00B5C6BD /* Info.plist */,
			);
			path = IGListKitLesson;
			sourceTree = "<group>";
		};
		58AA590022E737800087767F /* Models */ = {
			isa = PBXGroup;
			children = (
				58AA590622E738060087767F /* DateSortable.swift */,
				58AA590822E738590087767F /* JournalEntry.swift */,
				58AA590A22E738E70087767F /* User.swift */,
				58AA590C22E739870087767F /* Message.swift */,
				58AA590E22E73A170087767F /* NSObject+ListDiffable.swift */,
				58AA591022E73B810087767F /* SolFormatter.swift */,
				58AA591222E73F8D0087767F /* Weather.swift */,
			);
			path = Models;
			sourceTree = "<group>";
		};
		58AA590122E737880087767F /* Resources */ = {
			isa = PBXGroup;
			children = (
				58AA58F522E735BC0087767F /* Assets.xcassets */,
				58AA58F722E735BC0087767F /* LaunchScreen.storyboard */,
				58AA591422E746E60087767F /* OCRAStd.otf */,
			);
			path = Resources;
			sourceTree = "<group>";
		};
		58AA590222E737920087767F /* SectionControllers */ = {
			isa = PBXGroup;
			children = (
				5825B4FD22E9E540005B4FFF /* JournalSectionController.swift */,
				5825B4FF22EB0AE3005B4FFF /* MessageSectionController.swift */,
				5825B50122EB1644005B4FFF /* WeatherSectionController.swift */,
			);
			path = SectionControllers;
			sourceTree = "<group>";
		};
		58AA590322E737AC0087767F /* Systems */ = {
			isa = PBXGroup;
			children = (
				58AA591522E748760087767F /* JournalLoader.swift */,
				58AA591722E74BB20087767F /* Pathfinder.swift */,
				58AA591922E753040087767F /* TextSize.swift */,
				58AA591B22E75F5C0087767F /* Theme.swift */,
				58AA591D22E7606C0087767F /* WxScanner.swift */,
			);
			path = Systems;
			sourceTree = "<group>";
		};
		58AA590422E737B80087767F /* ViewControllers */ = {
			isa = PBXGroup;
			children = (
				58AA591F22E761580087767F /* ClassicFeedViewController.swift */,
				5825B4FB22E9DC1E005B4FFF /* FeedViewController.swift */,
			);
			path = ViewControllers;
			sourceTree = "<group>";
		};
		58AA590522E737C30087767F /* Views */ = {
			isa = PBXGroup;
			children = (
				58AA592122E83AF60087767F /* JournalEntryCell.swift */,
				58AA592322E83E560087767F /* JournalEntryDateCell.swift */,
				58AA592522E849160087767F /* CustomNavigationBar.swift */,
				58AA592722E8B0770087767F /* MessageCell.swift */,
				58AA592922E8BA900087767F /* WeatherDetailCell.swift */,
				58AA592B22E8C0020087767F /* WeatherSummaryCell.swift */,
			);
			path = Views;
			sourceTree = "<group>";
		};
		93181341BAC4C99BA5901BFF /* Frameworks */ = {
			isa = PBXGroup;
			children = (
				26698A99C689E0BFDE292322 /* Pods_IGListKitLesson.framework */,
			);
			name = Frameworks;
			sourceTree = "<group>";
		};
		D855817A79C0386C3A3CA411 /* Pods */ = {
			isa = PBXGroup;
			children = (
				A228680BB5567DE837D8BF22 /* Pods-IGListKitLesson.debug.xcconfig */,
				E6DBAF274C8B5F500A96F685 /* Pods-IGListKitLesson.release.xcconfig */,
			);
			name = Pods;
			sourceTree = "<group>";
		};
/* End PBXGroup section */

/* Begin PBXNativeTarget section */
		58AA58EA22E735BB0087767F /* IGListKitLesson */ = {
			isa = PBXNativeTarget;
			buildConfigurationList = 58AA58FD22E735BC0087767F /* Build configuration list for PBXNativeTarget "IGListKitLesson" */;
			buildPhases = (
				340E3077EECF737114696C04 /* [CP] Check Pods Manifest.lock */,
				58AA58E722E735BB0087767F /* Sources */,
				58AA58E822E735BB0087767F /* Frameworks */,
				58AA58E922E735BB0087767F /* Resources */,
				A26DF7522CADA30953F234FE /* [CP] Embed Pods Frameworks */,
			);
			buildRules = (
			);
			dependencies = (
			);
			name = IGListKitLesson;
			productName = IGListKitLesson;
			productReference = 58AA58EB22E735BB0087767F /* IGListKitLesson.app */;
			productType = "com.apple.product-type.application";
		};
/* End PBXNativeTarget section */

/* Begin PBXProject section */
		58AA58E322E735BB0087767F /* Project object */ = {
			isa = PBXProject;
			attributes = {
				LastSwiftUpdateCheck = 1020;
				LastUpgradeCheck = 1020;
				ORGANIZATIONNAME = "Angelina Friz";
				TargetAttributes = {
					58AA58EA22E735BB0087767F = {
						CreatedOnToolsVersion = 10.2.1;
					};
				};
			};
			buildConfigurationList = 58AA58E622E735BB0087767F /* Build configuration list for PBXProject "IGListKitLesson" */;
			compatibilityVersion = "Xcode 9.3";
			developmentRegion = en;
			hasScannedForEncodings = 0;
			knownRegions = (
				en,
				Base,
			);
			mainGroup = 58AA58E222E735BB0087767F;
			productRefGroup = 58AA58EC22E735BB0087767F /* Products */;
			projectDirPath = "";
			projectRoot = "";
			targets = (
				58AA58EA22E735BB0087767F /* IGListKitLesson */,
			);
		};
/* End PBXProject section */

/* Begin PBXResourcesBuildPhase section */
		58AA58E922E735BB0087767F /* Resources */ = {
			isa = PBXResourcesBuildPhase;
			buildActionMask = 2147483647;
			files = (
				58F4563722E99CCB00B5C6BD /* OCRAStd.otf in Resources */,
				58AA58F922E735BC0087767F /* LaunchScreen.storyboard in Resources */,
				58AA58F622E735BC0087767F /* Assets.xcassets in Resources */,
			);
			runOnlyForDeploymentPostprocessing = 0;
		};
/* End PBXResourcesBuildPhase section */

/* Begin PBXShellScriptBuildPhase section */
		340E3077EECF737114696C04 /* [CP] Check Pods Manifest.lock */ = {
			isa = PBXShellScriptBuildPhase;
			buildActionMask = 2147483647;
			files = (
			);
			inputPaths = (
				"${PODS_PODFILE_DIR_PATH}/Podfile.lock",
				"${PODS_ROOT}/Manifest.lock",
			);
			name = "[CP] Check Pods Manifest.lock";
			outputPaths = (
				"$(DERIVED_FILE_DIR)/Pods-IGListKitLesson-checkManifestLockResult.txt",
			);
			runOnlyForDeploymentPostprocessing = 0;
			shellPath = /bin/sh;
			shellScript = "diff \"${PODS_PODFILE_DIR_PATH}/Podfile.lock\" \"${PODS_ROOT}/Manifest.lock\" > /dev/null\nif [ $? != 0 ] ; then\n    # print error to STDERR\n    echo \"error: The sandbox is not in sync with the Podfile.lock. Run 'pod install' or update your CocoaPods installation.\" >&2\n    exit 1\nfi\n# This output is used by Xcode 'outputs' to avoid re-running this script phase.\necho \"SUCCESS\" > \"${SCRIPT_OUTPUT_FILE_0}\"\n";
			showEnvVarsInLog = 0;
		};
		A26DF7522CADA30953F234FE /* [CP] Embed Pods Frameworks */ = {
			isa = PBXShellScriptBuildPhase;
			buildActionMask = 2147483647;
			files = (
			);
			inputPaths = (
				"${SRCROOT}/Pods/Target Support Files/Pods-IGListKitLesson/Pods-IGListKitLesson-frameworks.sh",
				"${BUILT_PRODUCTS_DIR}/IGListKit/IGListKit.framework",
			);
			name = "[CP] Embed Pods Frameworks";
			outputPaths = (
				"${TARGET_BUILD_DIR}/${FRAMEWORKS_FOLDER_PATH}/IGListKit.framework",
			);
			runOnlyForDeploymentPostprocessing = 0;
			shellPath = /bin/sh;
			shellScript = "\"${SRCROOT}/Pods/Target Support Files/Pods-IGListKitLesson/Pods-IGListKitLesson-frameworks.sh\"\n";
			showEnvVarsInLog = 0;
		};
/* End PBXShellScriptBuildPhase section */

/* Begin PBXSourcesBuildPhase section */
		58AA58E722E735BB0087767F /* Sources */ = {
			isa = PBXSourcesBuildPhase;
			buildActionMask = 2147483647;
			files = (
				58AA592422E83E560087767F /* JournalEntryDateCell.swift in Sources */,
				58AA592A22E8BA900087767F /* WeatherDetailCell.swift in Sources */,
				58AA590F22E73A170087767F /* NSObject+ListDiffable.swift in Sources */,
				58AA591622E748760087767F /* JournalLoader.swift in Sources */,
				58AA58EF22E735BB0087767F /* AppDelegate.swift in Sources */,
				58AA591C22E75F5C0087767F /* Theme.swift in Sources */,
				58AA590922E738590087767F /* JournalEntry.swift in Sources */,
				58AA591A22E753040087767F /* TextSize.swift in Sources */,
				58AA591322E73F8D0087767F /* Weather.swift in Sources */,
				58AA590D22E739870087767F /* Message.swift in Sources */,
				58AA592822E8B0770087767F /* MessageCell.swift in Sources */,
				58AA591E22E7606C0087767F /* WxScanner.swift in Sources */,
				58AA592022E761580087767F /* ClassicFeedViewController.swift in Sources */,
				5825B4FE22E9E540005B4FFF /* JournalSectionController.swift in Sources */,
				5825B4FC22E9DC1E005B4FFF /* FeedViewController.swift in Sources */,
				58AA592622E849160087767F /* CustomNavigationBar.swift in Sources */,
				5825B50022EB0AE3005B4FFF /* MessageSectionController.swift in Sources */,
				58AA592C22E8C0020087767F /* WeatherSummaryCell.swift in Sources */,
				5825B50222EB1644005B4FFF /* WeatherSectionController.swift in Sources */,
				58AA590B22E738E70087767F /* User.swift in Sources */,
				58AA590722E738060087767F /* DateSortable.swift in Sources */,
				58AA591122E73B810087767F /* SolFormatter.swift in Sources */,
				58AA592222E83AF60087767F /* JournalEntryCell.swift in Sources */,
				58AA591822E74BB30087767F /* Pathfinder.swift in Sources */,
			);
			runOnlyForDeploymentPostprocessing = 0;
		};
/* End PBXSourcesBuildPhase section */

/* Begin PBXVariantGroup section */
		58AA58F722E735BC0087767F /* LaunchScreen.storyboard */ = {
			isa = PBXVariantGroup;
			children = (
				58AA58F822E735BC0087767F /* Base */,
			);
			name = LaunchScreen.storyboard;
			sourceTree = "<group>";
		};
/* End PBXVariantGroup section */

/* Begin XCBuildConfiguration section */
		58AA58FB22E735BC0087767F /* Debug */ = {
			isa = XCBuildConfiguration;
			buildSettings = {
				ALWAYS_SEARCH_USER_PATHS = NO;
				CLANG_ANALYZER_NONNULL = YES;
				CLANG_ANALYZER_NUMBER_OBJECT_CONVERSION = YES_AGGRESSIVE;
				CLANG_CXX_LANGUAGE_STANDARD = "gnu++14";
				CLANG_CXX_LIBRARY = "libc++";
				CLANG_ENABLE_MODULES = YES;
				CLANG_ENABLE_OBJC_ARC = YES;
				CLANG_ENABLE_OBJC_WEAK = YES;
				CLANG_WARN_BLOCK_CAPTURE_AUTORELEASING = YES;
				CLANG_WARN_BOOL_CONVERSION = YES;
				CLANG_WARN_COMMA = YES;
				CLANG_WARN_CONSTANT_CONVERSION = YES;
				CLANG_WARN_DEPRECATED_OBJC_IMPLEMENTATIONS = YES;
				CLANG_WARN_DIRECT_OBJC_ISA_USAGE = YES_ERROR;
				CLANG_WARN_DOCUMENTATION_COMMENTS = YES;
				CLANG_WARN_EMPTY_BODY = YES;
				CLANG_WARN_ENUM_CONVERSION = YES;
				CLANG_WARN_INFINITE_RECURSION = YES;
				CLANG_WARN_INT_CONVERSION = YES;
				CLANG_WARN_NON_LITERAL_NULL_CONVERSION = YES;
				CLANG_WARN_OBJC_IMPLICIT_RETAIN_SELF = YES;
				CLANG_WARN_OBJC_LITERAL_CONVERSION = YES;
				CLANG_WARN_OBJC_ROOT_CLASS = YES_ERROR;
				CLANG_WARN_RANGE_LOOP_ANALYSIS = YES;
				CLANG_WARN_STRICT_PROTOTYPES = YES;
				CLANG_WARN_SUSPICIOUS_MOVE = YES;
				CLANG_WARN_UNGUARDED_AVAILABILITY = YES_AGGRESSIVE;
				CLANG_WARN_UNREACHABLE_CODE = YES;
				CLANG_WARN__DUPLICATE_METHOD_MATCH = YES;
				CODE_SIGN_IDENTITY = "iPhone Developer";
				COPY_PHASE_STRIP = NO;
				DEBUG_INFORMATION_FORMAT = dwarf;
				ENABLE_STRICT_OBJC_MSGSEND = YES;
				ENABLE_TESTABILITY = YES;
				GCC_C_LANGUAGE_STANDARD = gnu11;
				GCC_DYNAMIC_NO_PIC = NO;
				GCC_NO_COMMON_BLOCKS = YES;
				GCC_OPTIMIZATION_LEVEL = 0;
				GCC_PREPROCESSOR_DEFINITIONS = (
					"DEBUG=1",
					"$(inherited)",
				);
				GCC_WARN_64_TO_32_BIT_CONVERSION = YES;
				GCC_WARN_ABOUT_RETURN_TYPE = YES_ERROR;
				GCC_WARN_UNDECLARED_SELECTOR = YES;
				GCC_WARN_UNINITIALIZED_AUTOS = YES_AGGRESSIVE;
				GCC_WARN_UNUSED_FUNCTION = YES;
				GCC_WARN_UNUSED_VARIABLE = YES;
				IPHONEOS_DEPLOYMENT_TARGET = 12.2;
				MTL_ENABLE_DEBUG_INFO = INCLUDE_SOURCE;
				MTL_FAST_MATH = YES;
				ONLY_ACTIVE_ARCH = YES;
				SDKROOT = iphoneos;
				SWIFT_ACTIVE_COMPILATION_CONDITIONS = DEBUG;
				SWIFT_OPTIMIZATION_LEVEL = "-Onone";
			};
			name = Debug;
		};
		58AA58FC22E735BC0087767F /* Release */ = {
			isa = XCBuildConfiguration;
			buildSettings = {
				ALWAYS_SEARCH_USER_PATHS = NO;
				CLANG_ANALYZER_NONNULL = YES;
				CLANG_ANALYZER_NUMBER_OBJECT_CONVERSION = YES_AGGRESSIVE;
				CLANG_CXX_LANGUAGE_STANDARD = "gnu++14";
				CLANG_CXX_LIBRARY = "libc++";
				CLANG_ENABLE_MODULES = YES;
				CLANG_ENABLE_OBJC_ARC = YES;
				CLANG_ENABLE_OBJC_WEAK = YES;
				CLANG_WARN_BLOCK_CAPTURE_AUTORELEASING = YES;
				CLANG_WARN_BOOL_CONVERSION = YES;
				CLANG_WARN_COMMA = YES;
				CLANG_WARN_CONSTANT_CONVERSION = YES;
				CLANG_WARN_DEPRECATED_OBJC_IMPLEMENTATIONS = YES;
				CLANG_WARN_DIRECT_OBJC_ISA_USAGE = YES_ERROR;
				CLANG_WARN_DOCUMENTATION_COMMENTS = YES;
				CLANG_WARN_EMPTY_BODY = YES;
				CLANG_WARN_ENUM_CONVERSION = YES;
				CLANG_WARN_INFINITE_RECURSION = YES;
				CLANG_WARN_INT_CONVERSION = YES;
				CLANG_WARN_NON_LITERAL_NULL_CONVERSION = YES;
				CLANG_WARN_OBJC_IMPLICIT_RETAIN_SELF = YES;
				CLANG_WARN_OBJC_LITERAL_CONVERSION = YES;
				CLANG_WARN_OBJC_ROOT_CLASS = YES_ERROR;
				CLANG_WARN_RANGE_LOOP_ANALYSIS = YES;
				CLANG_WARN_STRICT_PROTOTYPES = YES;
				CLANG_WARN_SUSPICIOUS_MOVE = YES;
				CLANG_WARN_UNGUARDED_AVAILABILITY = YES_AGGRESSIVE;
				CLANG_WARN_UNREACHABLE_CODE = YES;
				CLANG_WARN__DUPLICATE_METHOD_MATCH = YES;
				CODE_SIGN_IDENTITY = "iPhone Developer";
				COPY_PHASE_STRIP = NO;
				DEBUG_INFORMATION_FORMAT = "dwarf-with-dsym";
				ENABLE_NS_ASSERTIONS = NO;
				ENABLE_STRICT_OBJC_MSGSEND = YES;
				GCC_C_LANGUAGE_STANDARD = gnu11;
				GCC_NO_COMMON_BLOCKS = YES;
				GCC_WARN_64_TO_32_BIT_CONVERSION = YES;
				GCC_WARN_ABOUT_RETURN_TYPE = YES_ERROR;
				GCC_WARN_UNDECLARED_SELECTOR = YES;
				GCC_WARN_UNINITIALIZED_AUTOS = YES_AGGRESSIVE;
				GCC_WARN_UNUSED_FUNCTION = YES;
				GCC_WARN_UNUSED_VARIABLE = YES;
				IPHONEOS_DEPLOYMENT_TARGET = 12.2;
				MTL_ENABLE_DEBUG_INFO = NO;
				MTL_FAST_MATH = YES;
				SDKROOT = iphoneos;
				SWIFT_COMPILATION_MODE = wholemodule;
				SWIFT_OPTIMIZATION_LEVEL = "-O";
				VALIDATE_PRODUCT = YES;
			};
			name = Release;
		};
		58AA58FE22E735BC0087767F /* Debug */ = {
			isa = XCBuildConfiguration;
			baseConfigurationReference = A228680BB5567DE837D8BF22 /* Pods-IGListKitLesson.debug.xcconfig */;
			buildSettings = {
				ASSETCATALOG_COMPILER_APPICON_NAME = AppIcon;
				CODE_SIGN_STYLE = Automatic;
				DEVELOPMENT_TEAM = QKHU8FT2PB;
				INFOPLIST_FILE = IGListKitLesson/Info.plist;
				LD_RUNPATH_SEARCH_PATHS = (
					"$(inherited)",
					"@executable_path/Frameworks",
				);
				PRODUCT_BUNDLE_IDENTIFIER = com.angelinafriz.IGListKitLesson;
				PRODUCT_NAME = "$(TARGET_NAME)";
				SWIFT_VERSION = 5.0;
				TARGETED_DEVICE_FAMILY = "1,2";
			};
			name = Debug;
		};
		58AA58FF22E735BC0087767F /* Release */ = {
			isa = XCBuildConfiguration;
			baseConfigurationReference = E6DBAF274C8B5F500A96F685 /* Pods-IGListKitLesson.release.xcconfig */;
			buildSettings = {
				ASSETCATALOG_COMPILER_APPICON_NAME = AppIcon;
				CODE_SIGN_STYLE = Automatic;
				DEVELOPMENT_TEAM = QKHU8FT2PB;
				INFOPLIST_FILE = IGListKitLesson/Info.plist;
				LD_RUNPATH_SEARCH_PATHS = (
					"$(inherited)",
					"@executable_path/Frameworks",
				);
				PRODUCT_BUNDLE_IDENTIFIER = com.angelinafriz.IGListKitLesson;
				PRODUCT_NAME = "$(TARGET_NAME)";
				SWIFT_VERSION = 5.0;
				TARGETED_DEVICE_FAMILY = "1,2";
			};
			name = Release;
		};
/* End XCBuildConfiguration section */

/* Begin XCConfigurationList section */
		58AA58E622E735BB0087767F /* Build configuration list for PBXProject "IGListKitLesson" */ = {
			isa = XCConfigurationList;
			buildConfigurations = (
				58AA58FB22E735BC0087767F /* Debug */,
				58AA58FC22E735BC0087767F /* Release */,
			);
			defaultConfigurationIsVisible = 0;
			defaultConfigurationName = Release;
		};
		58AA58FD22E735BC0087767F /* Build configuration list for PBXNativeTarget "IGListKitLesson" */ = {
			isa = XCConfigurationList;
			buildConfigurations = (
				58AA58FE22E735BC0087767F /* Debug */,
				58AA58FF22E735BC0087767F /* Release */,
			);
			defaultConfigurationIsVisible = 0;
			defaultConfigurationName = Release;
		};
/* End XCConfigurationList section */
	};
	rootObject = 58AA58E322E735BB0087767F /* Project object */;
}
